<?xml version="1.0" encoding="utf-8"?>
<Project ToolsVersion="4.0" xmlns="http://schemas.microsoft.com/developer/msbuild/2003">
  <ItemGroup>
    <FxCompile Include="PS_VS.fx" />
    <FxCompile Include="TonemapShader.fx" />
  </ItemGroup>
  <ItemGroup>
    <ClCompile Include="DDSTextureLoader.cpp" />
    <ClCompile Include="Main.cpp" />
    <ClCompile Include="ToneMapProcess.cpp" />
    <ClCompile Include="RenderTexture.cpp" />
    <ClCompile Include="AverageBrightnessProcess.cpp" />
    <ClCompile Include="Camera.cpp">
      <Filter>Camera</Filter>
    </ClCompile>
    <ClCompile Include="WorldBorders.h" />
  </ItemGroup>
  <ItemGroup>
    <ClInclude Include="DDSTextureLoader.h" />
    <CLInclude Include="resource.h" />
    <ClInclude Include="ToneMapProcess.h" />
    <ClInclude Include="RenderTexture.h" />
    <ClInclude Include="AverageBrightnessProcess.h" />
    <ClInclude Include="Camera.h">
      <Filter>Camera</Filter>
    </ClInclude>
  </ItemGroup>
  <ItemGroup>
    <ResourceCompile Include="resource.rc" />
  </ItemGroup>
  <ItemGroup>
    <Filter Include="Camera">
      <UniqueIdentifier>{8b3f778c-1a95-41a4-b41a-cf0d503f4bd1}</UniqueIdentifier>
    </Filter>
  </ItemGroup>
</Project>